
Microsoft Visual Studio Solution File, Format Version 12.00
# Visual Studio Version 17
VisualStudioVersion = 17.6.33829.357
MinimumVisualStudioVersion = 10.0.40219.1
Project("{9A19103F-16F7-4668-BE54-9A1E7A4F7556}") = "R1.Cosmos.Mongo.Client", "R1.Cosmos.Mongo.Client\R1.Cosmos.Mongo.Client.csproj", "{58CF92D0-2A17-4537-8F57-5D368B8E1AAD}"
EndProject
Project("{9A19103F-16F7-4668-BE54-9A1E7A4F7556}") = "R1.Cosmos.Mongo.Client.Domain", "R1.Cosmos.Mongo.Client.Domain\R1.Cosmos.Mongo.Client.Domain.csproj", "{364915F2-D1B8-429C-9BA8-3A92868EC31B}"
EndProject
Project("{9A19103F-16F7-4668-BE54-9A1E7A4F7556}") = "R1.Cosmos.Mongo.Client.Persistence", "R1.Cosmos.Mongo.Client.Persistence\R1.Cosmos.Mongo.Client.Persistence.csproj", "{0DC416EF-FC4F-4E4E-A8E9-4624C26DDE6C}"
EndProject
Global
	GlobalSection(SolutionConfigurationPlatforms) = preSolution
		Debug|Any CPU = Debug|Any CPU
		Release|Any CPU = Release|Any CPU
	EndGlobalSection
	GlobalSection(ProjectConfigurationPlatforms) = postSolution
		{58CF92D0-2A17-4537-8F57-5D368B8E1AAD}.Debug|Any CPU.ActiveCfg = Debug|Any CPU
		{58CF92D0-2A17-4537-8F57-5D368B8E1AAD}.Debug|Any CPU.Build.0 = Debug|Any CPU
		{58CF92D0-2A17-4537-8F57-5D368B8E1AAD}.Release|Any CPU.ActiveCfg = Release|Any CPU
		{58CF92D0-2A17-4537-8F57-5D368B8E1AAD}.Release|Any CPU.Build.0 = Release|Any CPU
		{364915F2-D1B8-429C-9BA8-3A92868EC31B}.Debug|Any CPU.ActiveCfg = Debug|Any CPU
		{364915F2-D1B8-429C-9BA8-3A92868EC31B}.Debug|Any CPU.Build.0 = Debug|Any CPU
		{364915F2-D1B8-429C-9BA8-3A92868EC31B}.Release|Any CPU.ActiveCfg = Release|Any CPU
		{364915F2-D1B8-429C-9BA8-3A92868EC31B}.Release|Any CPU.Build.0 = Release|Any CPU
		{0DC416EF-FC4F-4E4E-A8E9-4624C26DDE6C}.Debug|Any CPU.ActiveCfg = Debug|Any CPU
		{0DC416EF-FC4F-4E4E-A8E9-4624C26DDE6C}.Debug|Any CPU.Build.0 = Debug|Any CPU
		{0DC416EF-FC4F-4E4E-A8E9-4624C26DDE6C}.Release|Any CPU.ActiveCfg = Release|Any CPU
		{0DC416EF-FC4F-4E4E-A8E9-4624C26DDE6C}.Release|Any CPU.Build.0 = Release|Any CPU
	EndGlobalSection
	GlobalSection(SolutionProperties) = preSolution
		HideSolutionNode = FALSE
	EndGlobalSection
	GlobalSection(ExtensibilityGlobals) = postSolution
		SolutionGuid = {87240638-ED1A-4313-9245-C60941684DCE}
	EndGlobalSection
EndGlobal
