
Microsoft Visual Studio Solution File, Format Version 12.00
# Visual Studio Version 17
VisualStudioVersion = 17.6.33829.357
MinimumVisualStudioVersion = 10.0.40219.1
Project("{9A19103F-16F7-4668-BE54-9A1E7A4F7556}") = "R1.Cosmos.NoSql.Client", "R1.Cosmos.NoSql.Client\R1.Cosmos.NoSql.Client.csproj", "{725C7DC8-54E3-4F0E-9AD9-689248CE35F4}"
EndProject
Project("{9A19103F-16F7-4668-BE54-9A1E7A4F7556}") = "R1.Cosmos.NoSql.Client.Domain", "R1.Cosmos.NoSql.Client.Domain\R1.Cosmos.NoSql.Client.Domain.csproj", "{530A3FEB-29AA-402A-9DBC-FF78CDD330BC}"
EndProject
Project("{9A19103F-16F7-4668-BE54-9A1E7A4F7556}") = "R1.Cosmos.NoSql.Client.Persistence", "R1.Cosmos.NoSql.Client.Persistence\R1.Cosmos.NoSql.Client.Persistence.csproj", "{60238F12-DC30-4943-B8A4-8B7157C110C3}"
EndProject
Global
	GlobalSection(SolutionConfigurationPlatforms) = preSolution
		Debug|Any CPU = Debug|Any CPU
		Release|Any CPU = Release|Any CPU
	EndGlobalSection
	GlobalSection(ProjectConfigurationPlatforms) = postSolution
		{530A3FEB-29AA-402A-9DBC-FF78CDD330BC}.Debug|Any CPU.ActiveCfg = Debug|Any CPU
		{530A3FEB-29AA-402A-9DBC-FF78CDD330BC}.Debug|Any CPU.Build.0 = Debug|Any CPU
		{530A3FEB-29AA-402A-9DBC-FF78CDD330BC}.Release|Any CPU.ActiveCfg = Release|Any CPU
		{530A3FEB-29AA-402A-9DBC-FF78CDD330BC}.Release|Any CPU.Build.0 = Release|Any CPU
		{725C7DC8-54E3-4F0E-9AD9-689248CE35F4}.Debug|Any CPU.ActiveCfg = Debug|Any CPU
		{725C7DC8-54E3-4F0E-9AD9-689248CE35F4}.Debug|Any CPU.Build.0 = Debug|Any CPU
		{725C7DC8-54E3-4F0E-9AD9-689248CE35F4}.Release|Any CPU.ActiveCfg = Release|Any CPU
		{725C7DC8-54E3-4F0E-9AD9-689248CE35F4}.Release|Any CPU.Build.0 = Release|Any CPU
		{60238F12-DC30-4943-B8A4-8B7157C110C3}.Debug|Any CPU.ActiveCfg = Debug|Any CPU
		{60238F12-DC30-4943-B8A4-8B7157C110C3}.Debug|Any CPU.Build.0 = Debug|Any CPU
		{60238F12-DC30-4943-B8A4-8B7157C110C3}.Release|Any CPU.ActiveCfg = Release|Any CPU
		{60238F12-DC30-4943-B8A4-8B7157C110C3}.Release|Any CPU.Build.0 = Release|Any CPU
	EndGlobalSection
	GlobalSection(SolutionProperties) = preSolution
		HideSolutionNode = FALSE
	EndGlobalSection
	GlobalSection(ExtensibilityGlobals) = postSolution
		SolutionGuid = {E9C8BD1E-6E77-4337-BE62-DA3DA50D1E1E}
	EndGlobalSection
EndGlobal
